
Microsoft Visual Studio Solution File, Format Version 12.00
# Visual Studio Version 16
VisualStudioVersion = 16.0.28803.452
MinimumVisualStudioVersion = 10.0.40219.1
Project("{FAE04EC0-301F-11D3-BF4B-00C04F79EFBC}") = "XboxTurnOn.Android", "XboxTurnOn\XboxTurnOn.Android\XboxTurnOn.Android.csproj", "{5518B135-2A3A-405F-9554-F915230BC3D3}"
EndProject
Project("{FAE04EC0-301F-11D3-BF4B-00C04F79EFBC}") = "XboxTurnOn.iOS", "XboxTurnOn\XboxTurnOn.iOS\XboxTurnOn.iOS.csproj", "{85BAF0C7-A45A-462D-8908-D60599F069D2}"
EndProject
Project("{FAE04EC0-301F-11D3-BF4B-00C04F79EFBC}") = "XboxTurnOn", "XboxTurnOn\XboxTurnOn\XboxTurnOn.csproj", "{EE68BAA6-E6E1-4AB4-9FF6-ECD3752586F1}"
EndProject
Project("{FAE04EC0-301F-11D3-BF4B-00C04F79EFBC}") = "XboxTurnOn.WinForms", "XboxTurnOn.WinForms\XboxTurnOn.WinForms.csproj", "{932B0997-6B12-4D78-B400-0F2C2962811B}"
EndProject
Global
	GlobalSection(SolutionConfigurationPlatforms) = preSolution
		Debug|Any CPU = Debug|Any CPU
		Debug|ARM = Debug|ARM
		Debug|iPhone = Debug|iPhone
		Debug|iPhoneSimulator = Debug|iPhoneSimulator
		Debug|x64 = Debug|x64
		Debug|x86 = Debug|x86
		Release|Any CPU = Release|Any CPU
		Release|ARM = Release|ARM
		Release|iPhone = Release|iPhone
		Release|iPhoneSimulator = Release|iPhoneSimulator
		Release|x64 = Release|x64
		Release|x86 = Release|x86
	EndGlobalSection
	GlobalSection(ProjectConfigurationPlatforms) = postSolution
		{5518B135-2A3A-405F-9554-F915230BC3D3}.Debug|Any CPU.ActiveCfg = Debug|Any CPU
		{5518B135-2A3A-405F-9554-F915230BC3D3}.Debug|Any CPU.Build.0 = Debug|Any CPU
		{5518B135-2A3A-405F-9554-F915230BC3D3}.Debug|Any CPU.Deploy.0 = Debug|Any CPU
		{5518B135-2A3A-405F-9554-F915230BC3D3}.Debug|ARM.ActiveCfg = Debug|Any CPU
		{5518B135-2A3A-405F-9554-F915230BC3D3}.Debug|ARM.Build.0 = Debug|Any CPU
		{5518B135-2A3A-405F-9554-F915230BC3D3}.Debug|ARM.Deploy.0 = Debug|Any CPU
		{5518B135-2A3A-405F-9554-F915230BC3D3}.Debug|iPhone.ActiveCfg = Debug|Any CPU
		{5518B135-2A3A-405F-9554-F915230BC3D3}.Debug|iPhone.Build.0 = Debug|Any CPU
		{5518B135-2A3A-405F-9554-F915230BC3D3}.Debug|iPhone.Deploy.0 = Debug|Any CPU
		{5518B135-2A3A-405F-9554-F915230BC3D3}.Debug|iPhoneSimulator.ActiveCfg = Debug|Any CPU
		{5518B135-2A3A-405F-9554-F915230BC3D3}.Debug|iPhoneSimulator.Build.0 = Debug|Any CPU
		{5518B135-2A3A-405F-9554-F915230BC3D3}.Debug|iPhoneSimulator.Deploy.0 = Debug|Any CPU
		{5518B135-2A3A-405F-9554-F915230BC3D3}.Debug|x64.ActiveCfg = Debug|Any CPU
		{5518B135-2A3A-405F-9554-F915230BC3D3}.Debug|x64.Build.0 = Debug|Any CPU
		{5518B135-2A3A-405F-9554-F915230BC3D3}.Debug|x64.Deploy.0 = Debug|Any CPU
		{5518B135-2A3A-405F-9554-F915230BC3D3}.Debug|x86.ActiveCfg = Debug|Any CPU
		{5518B135-2A3A-405F-9554-F915230BC3D3}.Debug|x86.Build.0 = Debug|Any CPU
		{5518B135-2A3A-405F-9554-F915230BC3D3}.Debug|x86.Deploy.0 = Debug|Any CPU
		{5518B135-2A3A-405F-9554-F915230BC3D3}.Release|Any CPU.ActiveCfg = Release|Any CPU
		{5518B135-2A3A-405F-9554-F915230BC3D3}.Release|Any CPU.Build.0 = Release|Any CPU
		{5518B135-2A3A-405F-9554-F915230BC3D3}.Release|Any CPU.Deploy.0 = Release|Any CPU
		{5518B135-2A3A-405F-9554-F915230BC3D3}.Release|ARM.ActiveCfg = Release|Any CPU
		{5518B135-2A3A-405F-9554-F915230BC3D3}.Release|ARM.Build.0 = Release|Any CPU
		{5518B135-2A3A-405F-9554-F915230BC3D3}.Release|ARM.Deploy.0 = Release|Any CPU
		{5518B135-2A3A-405F-9554-F915230BC3D3}.Release|iPhone.ActiveCfg = Release|Any CPU
		{5518B135-2A3A-405F-9554-F915230BC3D3}.Release|iPhone.Build.0 = Release|Any CPU
		{5518B135-2A3A-405F-9554-F915230BC3D3}.Release|iPhone.Deploy.0 = Release|Any CPU
		{5518B135-2A3A-405F-9554-F915230BC3D3}.Release|iPhoneSimulator.ActiveCfg = Release|Any CPU
		{5518B135-2A3A-405F-9554-F915230BC3D3}.Release|iPhoneSimulator.Build.0 = Release|Any CPU
		{5518B135-2A3A-405F-9554-F915230BC3D3}.Release|iPhoneSimulator.Deploy.0 = Release|Any CPU
		{5518B135-2A3A-405F-9554-F915230BC3D3}.Release|x64.ActiveCfg = Release|Any CPU
		{5518B135-2A3A-405F-9554-F915230BC3D3}.Release|x64.Build.0 = Release|Any CPU
		{5518B135-2A3A-405F-9554-F915230BC3D3}.Release|x64.Deploy.0 = Release|Any CPU
		{5518B135-2A3A-405F-9554-F915230BC3D3}.Release|x86.ActiveCfg = Release|Any CPU
		{5518B135-2A3A-405F-9554-F915230BC3D3}.Release|x86.Build.0 = Release|Any CPU
		{5518B135-2A3A-405F-9554-F915230BC3D3}.Release|x86.Deploy.0 = Release|Any CPU
		{85BAF0C7-A45A-462D-8908-D60599F069D2}.Debug|Any CPU.ActiveCfg = Debug|iPhone
		{85BAF0C7-A45A-462D-8908-D60599F069D2}.Debug|Any CPU.Build.0 = Debug|iPhone
		{85BAF0C7-A45A-462D-8908-D60599F069D2}.Debug|Any CPU.Deploy.0 = Debug|iPhone
		{85BAF0C7-A45A-462D-8908-D60599F069D2}.Debug|ARM.ActiveCfg = Debug|iPhoneSimulator
		{85BAF0C7-A45A-462D-8908-D60599F069D2}.Debug|ARM.Build.0 = Debug|iPhoneSimulator
		{85BAF0C7-A45A-462D-8908-D60599F069D2}.Debug|ARM.Deploy.0 = Debug|iPhoneSimulator
		{85BAF0C7-A45A-462D-8908-D60599F069D2}.Debug|iPhone.ActiveCfg = Debug|iPhone
		{85BAF0C7-A45A-462D-8908-D60599F069D2}.Debug|iPhone.Build.0 = Debug|iPhone
		{85BAF0C7-A45A-462D-8908-D60599F069D2}.Debug|iPhone.Deploy.0 = Debug|iPhone
		{85BAF0C7-A45A-462D-8908-D60599F069D2}.Debug|iPhoneSimulator.ActiveCfg = Debug|iPhoneSimulator
		{85BAF0C7-A45A-462D-8908-D60599F069D2}.Debug|iPhoneSimulator.Build.0 = Debug|iPhoneSimulator
		{85BAF0C7-A45A-462D-8908-D60599F069D2}.Debug|iPhoneSimulator.Deploy.0 = Debug|iPhoneSimulator
		{85BAF0C7-A45A-462D-8908-D60599F069D2}.Debug|x64.ActiveCfg = Debug|iPhone
		{85BAF0C7-A45A-462D-8908-D60599F069D2}.Debug|x64.Build.0 = Debug|iPhone
		{85BAF0C7-A45A-462D-8908-D60599F069D2}.Debug|x64.Deploy.0 = Debug|iPhone
		{85BAF0C7-A45A-462D-8908-D60599F069D2}.Debug|x86.ActiveCfg = Debug|iPhone
		{85BAF0C7-A45A-462D-8908-D60599F069D2}.Debug|x86.Build.0 = Debug|iPhone
		{85BAF0C7-A45A-462D-8908-D60599F069D2}.Debug|x86.Deploy.0 = Debug|iPhone
		{85BAF0C7-A45A-462D-8908-D60599F069D2}.Release|Any CPU.ActiveCfg = Release|iPhone
		{85BAF0C7-A45A-462D-8908-D60599F069D2}.Release|Any CPU.Build.0 = Release|iPhone
		{85BAF0C7-A45A-462D-8908-D60599F069D2}.Release|Any CPU.Deploy.0 = Release|iPhone
		{85BAF0C7-A45A-462D-8908-D60599F069D2}.Release|ARM.ActiveCfg = Release|iPhone
		{85BAF0C7-A45A-462D-8908-D60599F069D2}.Release|ARM.Build.0 = Release|iPhone
		{85BAF0C7-A45A-462D-8908-D60599F069D2}.Release|ARM.Deploy.0 = Release|iPhone
		{85BAF0C7-A45A-462D-8908-D60599F069D2}.Release|iPhone.ActiveCfg = Release|iPhone
		{85BAF0C7-A45A-462D-8908-D60599F069D2}.Release|iPhone.Build.0 = Release|iPhone
		{85BAF0C7-A45A-462D-8908-D60599F069D2}.Release|iPhone.Deploy.0 = Release|iPhone
		{85BAF0C7-A45A-462D-8908-D60599F069D2}.Release|iPhoneSimulator.ActiveCfg = Release|iPhoneSimulator
		{85BAF0C7-A45A-462D-8908-D60599F069D2}.Release|iPhoneSimulator.Build.0 = Release|iPhoneSimulator
		{85BAF0C7-A45A-462D-8908-D60599F069D2}.Release|iPhoneSimulator.Deploy.0 = Release|iPhoneSimulator
		{85BAF0C7-A45A-462D-8908-D60599F069D2}.Release|x64.ActiveCfg = Release|iPhone
		{85BAF0C7-A45A-462D-8908-D60599F069D2}.Release|x64.Build.0 = Release|iPhone
		{85BAF0C7-A45A-462D-8908-D60599F069D2}.Release|x64.Deploy.0 = Release|iPhone
		{85BAF0C7-A45A-462D-8908-D60599F069D2}.Release|x86.ActiveCfg = Release|iPhone
		{85BAF0C7-A45A-462D-8908-D60599F069D2}.Release|x86.Build.0 = Release|iPhone
		{85BAF0C7-A45A-462D-8908-D60599F069D2}.Release|x86.Deploy.0 = Release|iPhone
		{EE68BAA6-E6E1-4AB4-9FF6-ECD3752586F1}.Debug|Any CPU.ActiveCfg = Debug|Any CPU
		{EE68BAA6-E6E1-4AB4-9FF6-ECD3752586F1}.Debug|Any CPU.Build.0 = Debug|Any CPU
		{EE68BAA6-E6E1-4AB4-9FF6-ECD3752586F1}.Debug|Any CPU.Deploy.0 = Debug|Any CPU
		{EE68BAA6-E6E1-4AB4-9FF6-ECD3752586F1}.Debug|ARM.ActiveCfg = Debug|Any CPU
		{EE68BAA6-E6E1-4AB4-9FF6-ECD3752586F1}.Debug|ARM.Build.0 = Debug|Any CPU
		{EE68BAA6-E6E1-4AB4-9FF6-ECD3752586F1}.Debug|ARM.Deploy.0 = Debug|Any CPU
		{EE68BAA6-E6E1-4AB4-9FF6-ECD3752586F1}.Debug|iPhone.ActiveCfg = Debug|Any CPU
		{EE68BAA6-E6E1-4AB4-9FF6-ECD3752586F1}.Debug|iPhone.Build.0 = Debug|Any CPU
		{EE68BAA6-E6E1-4AB4-9FF6-ECD3752586F1}.Debug|iPhone.Deploy.0 = Debug|Any CPU
		{EE68BAA6-E6E1-4AB4-9FF6-ECD3752586F1}.Debug|iPhoneSimulator.ActiveCfg = Debug|Any CPU
		{EE68BAA6-E6E1-4AB4-9FF6-ECD3752586F1}.Debug|iPhoneSimulator.Build.0 = Debug|Any CPU
		{EE68BAA6-E6E1-4AB4-9FF6-ECD3752586F1}.Debug|iPhoneSimulator.Deploy.0 = Debug|Any CPU
		{EE68BAA6-E6E1-4AB4-9FF6-ECD3752586F1}.Debug|x64.ActiveCfg = Debug|Any CPU
		{EE68BAA6-E6E1-4AB4-9FF6-ECD3752586F1}.Debug|x64.Build.0 = Debug|Any CPU
		{EE68BAA6-E6E1-4AB4-9FF6-ECD3752586F1}.Debug|x64.Deploy.0 = Debug|Any CPU
		{EE68BAA6-E6E1-4AB4-9FF6-ECD3752586F1}.Debug|x86.ActiveCfg = Debug|Any CPU
		{EE68BAA6-E6E1-4AB4-9FF6-ECD3752586F1}.Debug|x86.Build.0 = Debug|Any CPU
		{EE68BAA6-E6E1-4AB4-9FF6-ECD3752586F1}.Debug|x86.Deploy.0 = Debug|Any CPU
		{EE68BAA6-E6E1-4AB4-9FF6-ECD3752586F1}.Release|Any CPU.ActiveCfg = Release|Any CPU
		{EE68BAA6-E6E1-4AB4-9FF6-ECD3752586F1}.Release|Any CPU.Build.0 = Release|Any CPU
		{EE68BAA6-E6E1-4AB4-9FF6-ECD3752586F1}.Release|Any CPU.Deploy.0 = Release|Any CPU
		{EE68BAA6-E6E1-4AB4-9FF6-ECD3752586F1}.Release|ARM.ActiveCfg = Release|Any CPU
		{EE68BAA6-E6E1-4AB4-9FF6-ECD3752586F1}.Release|ARM.Build.0 = Release|Any CPU
		{EE68BAA6-E6E1-4AB4-9FF6-ECD3752586F1}.Release|ARM.Deploy.0 = Release|Any CPU
		{EE68BAA6-E6E1-4AB4-9FF6-ECD3752586F1}.Release|iPhone.ActiveCfg = Release|Any CPU
		{EE68BAA6-E6E1-4AB4-9FF6-ECD3752586F1}.Release|iPhone.Build.0 = Release|Any CPU
		{EE68BAA6-E6E1-4AB4-9FF6-ECD3752586F1}.Release|iPhone.Deploy.0 = Release|Any CPU
		{EE68BAA6-E6E1-4AB4-9FF6-ECD3752586F1}.Release|iPhoneSimulator.ActiveCfg = Release|Any CPU
		{EE68BAA6-E6E1-4AB4-9FF6-ECD3752586F1}.Release|iPhoneSimulator.Build.0 = Release|Any CPU
		{EE68BAA6-E6E1-4AB4-9FF6-ECD3752586F1}.Release|iPhoneSimulator.Deploy.0 = Release|Any CPU
		{EE68BAA6-E6E1-4AB4-9FF6-ECD3752586F1}.Release|x64.ActiveCfg = Release|Any CPU
		{EE68BAA6-E6E1-4AB4-9FF6-ECD3752586F1}.Release|x64.Build.0 = Release|Any CPU
		{EE68BAA6-E6E1-4AB4-9FF6-ECD3752586F1}.Release|x64.Deploy.0 = Release|Any CPU
		{EE68BAA6-E6E1-4AB4-9FF6-ECD3752586F1}.Release|x86.ActiveCfg = Release|Any CPU
		{EE68BAA6-E6E1-4AB4-9FF6-ECD3752586F1}.Release|x86.Build.0 = Release|Any CPU
		{EE68BAA6-E6E1-4AB4-9FF6-ECD3752586F1}.Release|x86.Deploy.0 = Release|Any CPU
		{932B0997-6B12-4D78-B400-0F2C2962811B}.Debug|Any CPU.ActiveCfg = Debug|Any CPU
		{932B0997-6B12-4D78-B400-0F2C2962811B}.Debug|Any CPU.Build.0 = Debug|Any CPU
		{932B0997-6B12-4D78-B400-0F2C2962811B}.Debug|ARM.ActiveCfg = Debug|Any CPU
		{932B0997-6B12-4D78-B400-0F2C2962811B}.Debug|ARM.Build.0 = Debug|Any CPU
		{932B0997-6B12-4D78-B400-0F2C2962811B}.Debug|iPhone.ActiveCfg = Debug|Any CPU
		{932B0997-6B12-4D78-B400-0F2C2962811B}.Debug|iPhone.Build.0 = Debug|Any CPU
		{932B0997-6B12-4D78-B400-0F2C2962811B}.Debug|iPhoneSimulator.ActiveCfg = Debug|Any CPU
		{932B0997-6B12-4D78-B400-0F2C2962811B}.Debug|iPhoneSimulator.Build.0 = Debug|Any CPU
		{932B0997-6B12-4D78-B400-0F2C2962811B}.Debug|x64.ActiveCfg = Debug|Any CPU
		{932B0997-6B12-4D78-B400-0F2C2962811B}.Debug|x64.Build.0 = Debug|Any CPU
		{932B0997-6B12-4D78-B400-0F2C2962811B}.Debug|x86.ActiveCfg = Debug|Any CPU
		{932B0997-6B12-4D78-B400-0F2C2962811B}.Debug|x86.Build.0 = Debug|Any CPU
		{932B0997-6B12-4D78-B400-0F2C2962811B}.Release|Any CPU.ActiveCfg = Release|Any CPU
		{932B0997-6B12-4D78-B400-0F2C2962811B}.Release|Any CPU.Build.0 = Release|Any CPU
		{932B0997-6B12-4D78-B400-0F2C2962811B}.Release|ARM.ActiveCfg = Release|Any CPU
		{932B0997-6B12-4D78-B400-0F2C2962811B}.Release|ARM.Build.0 = Release|Any CPU
		{932B0997-6B12-4D78-B400-0F2C2962811B}.Release|iPhone.ActiveCfg = Release|Any CPU
		{932B0997-6B12-4D78-B400-0F2C2962811B}.Release|iPhone.Build.0 = Release|Any CPU
		{932B0997-6B12-4D78-B400-0F2C2962811B}.Release|iPhoneSimulator.ActiveCfg = Release|Any CPU
		{932B0997-6B12-4D78-B400-0F2C2962811B}.Release|iPhoneSimulator.Build.0 = Release|Any CPU
		{932B0997-6B12-4D78-B400-0F2C2962811B}.Release|x64.ActiveCfg = Release|Any CPU
		{932B0997-6B12-4D78-B400-0F2C2962811B}.Release|x64.Build.0 = Release|Any CPU
		{932B0997-6B12-4D78-B400-0F2C2962811B}.Release|x86.ActiveCfg = Release|Any CPU
		{932B0997-6B12-4D78-B400-0F2C2962811B}.Release|x86.Build.0 = Release|Any CPU
	EndGlobalSection
	GlobalSection(SolutionProperties) = preSolution
		HideSolutionNode = FALSE
	EndGlobalSection
	GlobalSection(ExtensibilityGlobals) = postSolution
		SolutionGuid = {15A313C9-2083-405C-A0A2-7E23B4746D01}
	EndGlobalSection
EndGlobal
